
Microsoft Visual Studio Solution File, Format Version 12.00
# Visual Studio Version 16
VisualStudioVersion = 16.0.30611.23
MinimumVisualStudioVersion = 10.0.40219.1
Project("{8BC9CEB8-8B4A-11D0-8D11-00A0C91BC942}") = "KV数据库", "KV数据库\KV数据库.vcxproj", "{DD3905BC-4220-4BCB-8E6D-7134C3B19D50}"
EndProject
Global
	GlobalSection(SolutionConfigurationPlatforms) = preSolution
		Debug|x64 = Debug|x64
		Debug|x86 = Debug|x86
		Release|x64 = Release|x64
		Release|x86 = Release|x86
	EndGlobalSection
	GlobalSection(ProjectConfigurationPlatforms) = postSolution
		{DD3905BC-4220-4BCB-8E6D-7134C3B19D50}.Debug|x64.ActiveCfg = Debug|x64
		{DD3905BC-4220-4BCB-8E6D-7134C3B19D50}.Debug|x64.Build.0 = Debug|x64
		{DD3905BC-4220-4BCB-8E6D-7134C3B19D50}.Debug|x86.ActiveCfg = Debug|Win32
		{DD3905BC-4220-4BCB-8E6D-7134C3B19D50}.Debug|x86.Build.0 = Debug|Win32
		{DD3905BC-4220-4BCB-8E6D-7134C3B19D50}.Release|x64.ActiveCfg = Release|x64
		{DD3905BC-4220-4BCB-8E6D-7134C3B19D50}.Release|x64.Build.0 = Release|x64
		{DD3905BC-4220-4BCB-8E6D-7134C3B19D50}.Release|x86.ActiveCfg = Release|Win32
		{DD3905BC-4220-4BCB-8E6D-7134C3B19D50}.Release|x86.Build.0 = Release|Win32
	EndGlobalSection
	GlobalSection(SolutionProperties) = preSolution
		HideSolutionNode = FALSE
	EndGlobalSection
	GlobalSection(ExtensibilityGlobals) = postSolution
		SolutionGuid = {C8DB6E85-9D04-4852-97CC-3327AB76E693}
	EndGlobalSection
EndGlobal
